
Microsoft Visual Studio Solution File, Format Version 12.00
# Visual Studio 14
VisualStudioVersion = 14.0.23107.0
MinimumVisualStudioVersion = 10.0.40219.1
Project("{FAE04EC0-301F-11D3-BF4B-00C04F79EFBC}") = "pto", "pto\pto\pto.csproj", "{2726F2B2-7A74-4993-96BC-999B82DA53FE}"
EndProject
Project("{FAE04EC0-301F-11D3-BF4B-00C04F79EFBC}") = "pto.iOS", "pto\pto.iOS\pto.iOS.csproj", "{03327D6E-C133-4E17-981F-0C16C7C604A6}"
EndProject
Project("{FAE04EC0-301F-11D3-BF4B-00C04F79EFBC}") = "pto.Droid", "pto\pto.Droid\pto.Droid.csproj", "{53D6D75E-16DF-4C3C-BE0E-03690399E8D5}"
EndProject
Project("{FAE04EC0-301F-11D3-BF4B-00C04F79EFBC}") = "pto.WinPhone", "pto\pto.WinPhone\pto.WinPhone.csproj", "{DBB82BBD-34DE-4886-A139-E2BC9CEF6F62}"
EndProject
Global
	GlobalSection(SolutionConfigurationPlatforms) = preSolution
		Ad-Hoc|Any CPU = Ad-Hoc|Any CPU
		Ad-Hoc|ARM = Ad-Hoc|ARM
		Ad-Hoc|iPhone = Ad-Hoc|iPhone
		Ad-Hoc|iPhoneSimulator = Ad-Hoc|iPhoneSimulator
		Ad-Hoc|x86 = Ad-Hoc|x86
		AppStore|Any CPU = AppStore|Any CPU
		AppStore|ARM = AppStore|ARM
		AppStore|iPhone = AppStore|iPhone
		AppStore|iPhoneSimulator = AppStore|iPhoneSimulator
		AppStore|x86 = AppStore|x86
		Debug|Any CPU = Debug|Any CPU
		Debug|ARM = Debug|ARM
		Debug|iPhone = Debug|iPhone
		Debug|iPhoneSimulator = Debug|iPhoneSimulator
		Debug|x86 = Debug|x86
		Release|Any CPU = Release|Any CPU
		Release|ARM = Release|ARM
		Release|iPhone = Release|iPhone
		Release|iPhoneSimulator = Release|iPhoneSimulator
		Release|x86 = Release|x86
	EndGlobalSection
	GlobalSection(ProjectConfigurationPlatforms) = postSolution
		{2726F2B2-7A74-4993-96BC-999B82DA53FE}.Ad-Hoc|Any CPU.ActiveCfg = Release|Any CPU
		{2726F2B2-7A74-4993-96BC-999B82DA53FE}.Ad-Hoc|Any CPU.Build.0 = Release|Any CPU
		{2726F2B2-7A74-4993-96BC-999B82DA53FE}.Ad-Hoc|ARM.ActiveCfg = Release|Any CPU
		{2726F2B2-7A74-4993-96BC-999B82DA53FE}.Ad-Hoc|ARM.Build.0 = Release|Any CPU
		{2726F2B2-7A74-4993-96BC-999B82DA53FE}.Ad-Hoc|iPhone.ActiveCfg = Release|Any CPU
		{2726F2B2-7A74-4993-96BC-999B82DA53FE}.Ad-Hoc|iPhone.Build.0 = Release|Any CPU
		{2726F2B2-7A74-4993-96BC-999B82DA53FE}.Ad-Hoc|iPhoneSimulator.ActiveCfg = Release|Any CPU
		{2726F2B2-7A74-4993-96BC-999B82DA53FE}.Ad-Hoc|iPhoneSimulator.Build.0 = Release|Any CPU
		{2726F2B2-7A74-4993-96BC-999B82DA53FE}.Ad-Hoc|x86.ActiveCfg = Release|Any CPU
		{2726F2B2-7A74-4993-96BC-999B82DA53FE}.Ad-Hoc|x86.Build.0 = Release|Any CPU
		{2726F2B2-7A74-4993-96BC-999B82DA53FE}.AppStore|Any CPU.ActiveCfg = Release|Any CPU
		{2726F2B2-7A74-4993-96BC-999B82DA53FE}.AppStore|Any CPU.Build.0 = Release|Any CPU
		{2726F2B2-7A74-4993-96BC-999B82DA53FE}.AppStore|ARM.ActiveCfg = Release|Any CPU
		{2726F2B2-7A74-4993-96BC-999B82DA53FE}.AppStore|ARM.Build.0 = Release|Any CPU
		{2726F2B2-7A74-4993-96BC-999B82DA53FE}.AppStore|iPhone.ActiveCfg = Release|Any CPU
		{2726F2B2-7A74-4993-96BC-999B82DA53FE}.AppStore|iPhone.Build.0 = Release|Any CPU
		{2726F2B2-7A74-4993-96BC-999B82DA53FE}.AppStore|iPhoneSimulator.ActiveCfg = Release|Any CPU
		{2726F2B2-7A74-4993-96BC-999B82DA53FE}.AppStore|iPhoneSimulator.Build.0 = Release|Any CPU
		{2726F2B2-7A74-4993-96BC-999B82DA53FE}.AppStore|x86.ActiveCfg = Release|Any CPU
		{2726F2B2-7A74-4993-96BC-999B82DA53FE}.AppStore|x86.Build.0 = Release|Any CPU
		{2726F2B2-7A74-4993-96BC-999B82DA53FE}.Debug|Any CPU.ActiveCfg = Debug|Any CPU
		{2726F2B2-7A74-4993-96BC-999B82DA53FE}.Debug|Any CPU.Build.0 = Debug|Any CPU
		{2726F2B2-7A74-4993-96BC-999B82DA53FE}.Debug|ARM.ActiveCfg = Debug|Any CPU
		{2726F2B2-7A74-4993-96BC-999B82DA53FE}.Debug|ARM.Build.0 = Debug|Any CPU
		{2726F2B2-7A74-4993-96BC-999B82DA53FE}.Debug|iPhone.ActiveCfg = Debug|Any CPU
		{2726F2B2-7A74-4993-96BC-999B82DA53FE}.Debug|iPhone.Build.0 = Debug|Any CPU
		{2726F2B2-7A74-4993-96BC-999B82DA53FE}.Debug|iPhoneSimulator.ActiveCfg = Debug|Any CPU
		{2726F2B2-7A74-4993-96BC-999B82DA53FE}.Debug|iPhoneSimulator.Build.0 = Debug|Any CPU
		{2726F2B2-7A74-4993-96BC-999B82DA53FE}.Debug|x86.ActiveCfg = Debug|Any CPU
		{2726F2B2-7A74-4993-96BC-999B82DA53FE}.Debug|x86.Build.0 = Debug|Any CPU
		{2726F2B2-7A74-4993-96BC-999B82DA53FE}.Release|Any CPU.ActiveCfg = Release|Any CPU
		{2726F2B2-7A74-4993-96BC-999B82DA53FE}.Release|Any CPU.Build.0 = Release|Any CPU
		{2726F2B2-7A74-4993-96BC-999B82DA53FE}.Release|ARM.ActiveCfg = Release|Any CPU
		{2726F2B2-7A74-4993-96BC-999B82DA53FE}.Release|ARM.Build.0 = Release|Any CPU
		{2726F2B2-7A74-4993-96BC-999B82DA53FE}.Release|iPhone.ActiveCfg = Release|Any CPU
		{2726F2B2-7A74-4993-96BC-999B82DA53FE}.Release|iPhone.Build.0 = Release|Any CPU
		{2726F2B2-7A74-4993-96BC-999B82DA53FE}.Release|iPhoneSimulator.ActiveCfg = Release|Any CPU
		{2726F2B2-7A74-4993-96BC-999B82DA53FE}.Release|iPhoneSimulator.Build.0 = Release|Any CPU
		{2726F2B2-7A74-4993-96BC-999B82DA53FE}.Release|x86.ActiveCfg = Release|Any CPU
		{2726F2B2-7A74-4993-96BC-999B82DA53FE}.Release|x86.Build.0 = Release|Any CPU
		{03327D6E-C133-4E17-981F-0C16C7C604A6}.Ad-Hoc|Any CPU.ActiveCfg = Ad-Hoc|iPhone
		{03327D6E-C133-4E17-981F-0C16C7C604A6}.Ad-Hoc|ARM.ActiveCfg = Ad-Hoc|iPhone
		{03327D6E-C133-4E17-981F-0C16C7C604A6}.Ad-Hoc|iPhone.ActiveCfg = Ad-Hoc|iPhone
		{03327D6E-C133-4E17-981F-0C16C7C604A6}.Ad-Hoc|iPhone.Build.0 = Ad-Hoc|iPhone
		{03327D6E-C133-4E17-981F-0C16C7C604A6}.Ad-Hoc|iPhoneSimulator.ActiveCfg = Ad-Hoc|iPhoneSimulator
		{03327D6E-C133-4E17-981F-0C16C7C604A6}.Ad-Hoc|iPhoneSimulator.Build.0 = Ad-Hoc|iPhoneSimulator
		{03327D6E-C133-4E17-981F-0C16C7C604A6}.Ad-Hoc|x86.ActiveCfg = Ad-Hoc|iPhone
		{03327D6E-C133-4E17-981F-0C16C7C604A6}.AppStore|Any CPU.ActiveCfg = AppStore|iPhone
		{03327D6E-C133-4E17-981F-0C16C7C604A6}.AppStore|ARM.ActiveCfg = AppStore|iPhone
		{03327D6E-C133-4E17-981F-0C16C7C604A6}.AppStore|iPhone.ActiveCfg = AppStore|iPhone
		{03327D6E-C133-4E17-981F-0C16C7C604A6}.AppStore|iPhone.Build.0 = AppStore|iPhone
		{03327D6E-C133-4E17-981F-0C16C7C604A6}.AppStore|iPhoneSimulator.ActiveCfg = AppStore|iPhoneSimulator
		{03327D6E-C133-4E17-981F-0C16C7C604A6}.AppStore|iPhoneSimulator.Build.0 = AppStore|iPhoneSimulator
		{03327D6E-C133-4E17-981F-0C16C7C604A6}.AppStore|x86.ActiveCfg = AppStore|iPhone
		{03327D6E-C133-4E17-981F-0C16C7C604A6}.Debug|Any CPU.ActiveCfg = Debug|iPhone
		{03327D6E-C133-4E17-981F-0C16C7C604A6}.Debug|ARM.ActiveCfg = Debug|iPhone
		{03327D6E-C133-4E17-981F-0C16C7C604A6}.Debug|iPhone.ActiveCfg = Debug|iPhone
		{03327D6E-C133-4E17-981F-0C16C7C604A6}.Debug|iPhone.Build.0 = Debug|iPhone
		{03327D6E-C133-4E17-981F-0C16C7C604A6}.Debug|iPhoneSimulator.ActiveCfg = Debug|iPhoneSimulator
		{03327D6E-C133-4E17-981F-0C16C7C604A6}.Debug|iPhoneSimulator.Build.0 = Debug|iPhoneSimulator
		{03327D6E-C133-4E17-981F-0C16C7C604A6}.Debug|x86.ActiveCfg = Debug|iPhone
		{03327D6E-C133-4E17-981F-0C16C7C604A6}.Release|Any CPU.ActiveCfg = Release|iPhone
		{03327D6E-C133-4E17-981F-0C16C7C604A6}.Release|ARM.ActiveCfg = Release|iPhone
		{03327D6E-C133-4E17-981F-0C16C7C604A6}.Release|iPhone.ActiveCfg = Release|iPhone
		{03327D6E-C133-4E17-981F-0C16C7C604A6}.Release|iPhone.Build.0 = Release|iPhone
		{03327D6E-C133-4E17-981F-0C16C7C604A6}.Release|iPhoneSimulator.ActiveCfg = Release|iPhoneSimulator
		{03327D6E-C133-4E17-981F-0C16C7C604A6}.Release|iPhoneSimulator.Build.0 = Release|iPhoneSimulator
		{03327D6E-C133-4E17-981F-0C16C7C604A6}.Release|x86.ActiveCfg = Release|iPhone
		{53D6D75E-16DF-4C3C-BE0E-03690399E8D5}.Ad-Hoc|Any CPU.ActiveCfg = Release|Any CPU
		{53D6D75E-16DF-4C3C-BE0E-03690399E8D5}.Ad-Hoc|Any CPU.Build.0 = Release|Any CPU
		{53D6D75E-16DF-4C3C-BE0E-03690399E8D5}.Ad-Hoc|Any CPU.Deploy.0 = Release|Any CPU
		{53D6D75E-16DF-4C3C-BE0E-03690399E8D5}.Ad-Hoc|ARM.ActiveCfg = Release|Any CPU
		{53D6D75E-16DF-4C3C-BE0E-03690399E8D5}.Ad-Hoc|ARM.Build.0 = Release|Any CPU
		{53D6D75E-16DF-4C3C-BE0E-03690399E8D5}.Ad-Hoc|ARM.Deploy.0 = Release|Any CPU
		{53D6D75E-16DF-4C3C-BE0E-03690399E8D5}.Ad-Hoc|iPhone.ActiveCfg = Release|Any CPU
		{53D6D75E-16DF-4C3C-BE0E-03690399E8D5}.Ad-Hoc|iPhone.Build.0 = Release|Any CPU
		{53D6D75E-16DF-4C3C-BE0E-03690399E8D5}.Ad-Hoc|iPhone.Deploy.0 = Release|Any CPU
		{53D6D75E-16DF-4C3C-BE0E-03690399E8D5}.Ad-Hoc|iPhoneSimulator.ActiveCfg = Release|Any CPU
		{53D6D75E-16DF-4C3C-BE0E-03690399E8D5}.Ad-Hoc|iPhoneSimulator.Build.0 = Release|Any CPU
		{53D6D75E-16DF-4C3C-BE0E-03690399E8D5}.Ad-Hoc|iPhoneSimulator.Deploy.0 = Release|Any CPU
		{53D6D75E-16DF-4C3C-BE0E-03690399E8D5}.Ad-Hoc|x86.ActiveCfg = Release|Any CPU
		{53D6D75E-16DF-4C3C-BE0E-03690399E8D5}.Ad-Hoc|x86.Build.0 = Release|Any CPU
		{53D6D75E-16DF-4C3C-BE0E-03690399E8D5}.Ad-Hoc|x86.Deploy.0 = Release|Any CPU
		{53D6D75E-16DF-4C3C-BE0E-03690399E8D5}.AppStore|Any CPU.ActiveCfg = Release|Any CPU
		{53D6D75E-16DF-4C3C-BE0E-03690399E8D5}.AppStore|Any CPU.Build.0 = Release|Any CPU
		{53D6D75E-16DF-4C3C-BE0E-03690399E8D5}.AppStore|Any CPU.Deploy.0 = Release|Any CPU
		{53D6D75E-16DF-4C3C-BE0E-03690399E8D5}.AppStore|ARM.ActiveCfg = Release|Any CPU
		{53D6D75E-16DF-4C3C-BE0E-03690399E8D5}.AppStore|ARM.Build.0 = Release|Any CPU
		{53D6D75E-16DF-4C3C-BE0E-03690399E8D5}.AppStore|ARM.Deploy.0 = Release|Any CPU
		{53D6D75E-16DF-4C3C-BE0E-03690399E8D5}.AppStore|iPhone.ActiveCfg = Release|Any CPU
		{53D6D75E-16DF-4C3C-BE0E-03690399E8D5}.AppStore|iPhone.Build.0 = Release|Any CPU
		{53D6D75E-16DF-4C3C-BE0E-03690399E8D5}.AppStore|iPhone.Deploy.0 = Release|Any CPU
		{53D6D75E-16DF-4C3C-BE0E-03690399E8D5}.AppStore|iPhoneSimulator.ActiveCfg = Release|Any CPU
		{53D6D75E-16DF-4C3C-BE0E-03690399E8D5}.AppStore|iPhoneSimulator.Build.0 = Release|Any CPU
		{53D6D75E-16DF-4C3C-BE0E-03690399E8D5}.AppStore|iPhoneSimulator.Deploy.0 = Release|Any CPU
		{53D6D75E-16DF-4C3C-BE0E-03690399E8D5}.AppStore|x86.ActiveCfg = Release|Any CPU
		{53D6D75E-16DF-4C3C-BE0E-03690399E8D5}.AppStore|x86.Build.0 = Release|Any CPU
		{53D6D75E-16DF-4C3C-BE0E-03690399E8D5}.AppStore|x86.Deploy.0 = Release|Any CPU
		{53D6D75E-16DF-4C3C-BE0E-03690399E8D5}.Debug|Any CPU.ActiveCfg = Debug|Any CPU
		{53D6D75E-16DF-4C3C-BE0E-03690399E8D5}.Debug|Any CPU.Build.0 = Debug|Any CPU
		{53D6D75E-16DF-4C3C-BE0E-03690399E8D5}.Debug|Any CPU.Deploy.0 = Debug|Any CPU
		{53D6D75E-16DF-4C3C-BE0E-03690399E8D5}.Debug|ARM.ActiveCfg = Debug|Any CPU
		{53D6D75E-16DF-4C3C-BE0E-03690399E8D5}.Debug|ARM.Build.0 = Debug|Any CPU
		{53D6D75E-16DF-4C3C-BE0E-03690399E8D5}.Debug|ARM.Deploy.0 = Debug|Any CPU
		{53D6D75E-16DF-4C3C-BE0E-03690399E8D5}.Debug|iPhone.ActiveCfg = Debug|Any CPU
		{53D6D75E-16DF-4C3C-BE0E-03690399E8D5}.Debug|iPhone.Build.0 = Debug|Any CPU
		{53D6D75E-16DF-4C3C-BE0E-03690399E8D5}.Debug|iPhone.Deploy.0 = Debug|Any CPU
		{53D6D75E-16DF-4C3C-BE0E-03690399E8D5}.Debug|iPhoneSimulator.ActiveCfg = Debug|Any CPU
		{53D6D75E-16DF-4C3C-BE0E-03690399E8D5}.Debug|iPhoneSimulator.Build.0 = Debug|Any CPU
		{53D6D75E-16DF-4C3C-BE0E-03690399E8D5}.Debug|iPhoneSimulator.Deploy.0 = Debug|Any CPU
		{53D6D75E-16DF-4C3C-BE0E-03690399E8D5}.Debug|x86.ActiveCfg = Debug|Any CPU
		{53D6D75E-16DF-4C3C-BE0E-03690399E8D5}.Debug|x86.Build.0 = Debug|Any CPU
		{53D6D75E-16DF-4C3C-BE0E-03690399E8D5}.Debug|x86.Deploy.0 = Debug|Any CPU
		{53D6D75E-16DF-4C3C-BE0E-03690399E8D5}.Release|Any CPU.ActiveCfg = Release|Any CPU
		{53D6D75E-16DF-4C3C-BE0E-03690399E8D5}.Release|Any CPU.Build.0 = Release|Any CPU
		{53D6D75E-16DF-4C3C-BE0E-03690399E8D5}.Release|Any CPU.Deploy.0 = Release|Any CPU
		{53D6D75E-16DF-4C3C-BE0E-03690399E8D5}.Release|ARM.ActiveCfg = Release|Any CPU
		{53D6D75E-16DF-4C3C-BE0E-03690399E8D5}.Release|ARM.Build.0 = Release|Any CPU
		{53D6D75E-16DF-4C3C-BE0E-03690399E8D5}.Release|ARM.Deploy.0 = Release|Any CPU
		{53D6D75E-16DF-4C3C-BE0E-03690399E8D5}.Release|iPhone.ActiveCfg = Release|Any CPU
		{53D6D75E-16DF-4C3C-BE0E-03690399E8D5}.Release|iPhone.Build.0 = Release|Any CPU
		{53D6D75E-16DF-4C3C-BE0E-03690399E8D5}.Release|iPhone.Deploy.0 = Release|Any CPU
		{53D6D75E-16DF-4C3C-BE0E-03690399E8D5}.Release|iPhoneSimulator.ActiveCfg = Release|Any CPU
		{53D6D75E-16DF-4C3C-BE0E-03690399E8D5}.Release|iPhoneSimulator.Build.0 = Release|Any CPU
		{53D6D75E-16DF-4C3C-BE0E-03690399E8D5}.Release|iPhoneSimulator.Deploy.0 = Release|Any CPU
		{53D6D75E-16DF-4C3C-BE0E-03690399E8D5}.Release|x86.ActiveCfg = Release|Any CPU
		{53D6D75E-16DF-4C3C-BE0E-03690399E8D5}.Release|x86.Build.0 = Release|Any CPU
		{53D6D75E-16DF-4C3C-BE0E-03690399E8D5}.Release|x86.Deploy.0 = Release|Any CPU
		{DBB82BBD-34DE-4886-A139-E2BC9CEF6F62}.Ad-Hoc|Any CPU.ActiveCfg = Release|Any CPU
		{DBB82BBD-34DE-4886-A139-E2BC9CEF6F62}.Ad-Hoc|Any CPU.Build.0 = Release|Any CPU
		{DBB82BBD-34DE-4886-A139-E2BC9CEF6F62}.Ad-Hoc|Any CPU.Deploy.0 = Release|Any CPU
		{DBB82BBD-34DE-4886-A139-E2BC9CEF6F62}.Ad-Hoc|ARM.ActiveCfg = Release|ARM
		{DBB82BBD-34DE-4886-A139-E2BC9CEF6F62}.Ad-Hoc|ARM.Build.0 = Release|ARM
		{DBB82BBD-34DE-4886-A139-E2BC9CEF6F62}.Ad-Hoc|ARM.Deploy.0 = Release|ARM
		{DBB82BBD-34DE-4886-A139-E2BC9CEF6F62}.Ad-Hoc|iPhone.ActiveCfg = Release|Any CPU
		{DBB82BBD-34DE-4886-A139-E2BC9CEF6F62}.Ad-Hoc|iPhone.Build.0 = Release|Any CPU
		{DBB82BBD-34DE-4886-A139-E2BC9CEF6F62}.Ad-Hoc|iPhone.Deploy.0 = Release|Any CPU
		{DBB82BBD-34DE-4886-A139-E2BC9CEF6F62}.Ad-Hoc|iPhoneSimulator.ActiveCfg = Release|Any CPU
		{DBB82BBD-34DE-4886-A139-E2BC9CEF6F62}.Ad-Hoc|iPhoneSimulator.Build.0 = Release|Any CPU
		{DBB82BBD-34DE-4886-A139-E2BC9CEF6F62}.Ad-Hoc|iPhoneSimulator.Deploy.0 = Release|Any CPU
		{DBB82BBD-34DE-4886-A139-E2BC9CEF6F62}.Ad-Hoc|x86.ActiveCfg = Release|x86
		{DBB82BBD-34DE-4886-A139-E2BC9CEF6F62}.Ad-Hoc|x86.Build.0 = Release|x86
		{DBB82BBD-34DE-4886-A139-E2BC9CEF6F62}.Ad-Hoc|x86.Deploy.0 = Release|x86
		{DBB82BBD-34DE-4886-A139-E2BC9CEF6F62}.AppStore|Any CPU.ActiveCfg = Release|Any CPU
		{DBB82BBD-34DE-4886-A139-E2BC9CEF6F62}.AppStore|Any CPU.Build.0 = Release|Any CPU
		{DBB82BBD-34DE-4886-A139-E2BC9CEF6F62}.AppStore|Any CPU.Deploy.0 = Release|Any CPU
		{DBB82BBD-34DE-4886-A139-E2BC9CEF6F62}.AppStore|ARM.ActiveCfg = Release|ARM
		{DBB82BBD-34DE-4886-A139-E2BC9CEF6F62}.AppStore|ARM.Build.0 = Release|ARM
		{DBB82BBD-34DE-4886-A139-E2BC9CEF6F62}.AppStore|ARM.Deploy.0 = Release|ARM
		{DBB82BBD-34DE-4886-A139-E2BC9CEF6F62}.AppStore|iPhone.ActiveCfg = Release|Any CPU
		{DBB82BBD-34DE-4886-A139-E2BC9CEF6F62}.AppStore|iPhone.Build.0 = Release|Any CPU
		{DBB82BBD-34DE-4886-A139-E2BC9CEF6F62}.AppStore|iPhone.Deploy.0 = Release|Any CPU
		{DBB82BBD-34DE-4886-A139-E2BC9CEF6F62}.AppStore|iPhoneSimulator.ActiveCfg = Release|Any CPU
		{DBB82BBD-34DE-4886-A139-E2BC9CEF6F62}.AppStore|iPhoneSimulator.Build.0 = Release|Any CPU
		{DBB82BBD-34DE-4886-A139-E2BC9CEF6F62}.AppStore|iPhoneSimulator.Deploy.0 = Release|Any CPU
		{DBB82BBD-34DE-4886-A139-E2BC9CEF6F62}.AppStore|x86.ActiveCfg = Release|x86
		{DBB82BBD-34DE-4886-A139-E2BC9CEF6F62}.AppStore|x86.Build.0 = Release|x86
		{DBB82BBD-34DE-4886-A139-E2BC9CEF6F62}.AppStore|x86.Deploy.0 = Release|x86
		{DBB82BBD-34DE-4886-A139-E2BC9CEF6F62}.Debug|Any CPU.ActiveCfg = Debug|Any CPU
		{DBB82BBD-34DE-4886-A139-E2BC9CEF6F62}.Debug|Any CPU.Build.0 = Debug|Any CPU
		{DBB82BBD-34DE-4886-A139-E2BC9CEF6F62}.Debug|Any CPU.Deploy.0 = Debug|Any CPU
		{DBB82BBD-34DE-4886-A139-E2BC9CEF6F62}.Debug|ARM.ActiveCfg = Debug|ARM
		{DBB82BBD-34DE-4886-A139-E2BC9CEF6F62}.Debug|ARM.Build.0 = Debug|ARM
		{DBB82BBD-34DE-4886-A139-E2BC9CEF6F62}.Debug|ARM.Deploy.0 = Debug|ARM
		{DBB82BBD-34DE-4886-A139-E2BC9CEF6F62}.Debug|iPhone.ActiveCfg = Debug|Any CPU
		{DBB82BBD-34DE-4886-A139-E2BC9CEF6F62}.Debug|iPhone.Build.0 = Debug|Any CPU
		{DBB82BBD-34DE-4886-A139-E2BC9CEF6F62}.Debug|iPhone.Deploy.0 = Debug|Any CPU
		{DBB82BBD-34DE-4886-A139-E2BC9CEF6F62}.Debug|iPhoneSimulator.ActiveCfg = Debug|Any CPU
		{DBB82BBD-34DE-4886-A139-E2BC9CEF6F62}.Debug|iPhoneSimulator.Build.0 = Debug|Any CPU
		{DBB82BBD-34DE-4886-A139-E2BC9CEF6F62}.Debug|iPhoneSimulator.Deploy.0 = Debug|Any CPU
		{DBB82BBD-34DE-4886-A139-E2BC9CEF6F62}.Debug|x86.ActiveCfg = Debug|x86
		{DBB82BBD-34DE-4886-A139-E2BC9CEF6F62}.Debug|x86.Build.0 = Debug|x86
		{DBB82BBD-34DE-4886-A139-E2BC9CEF6F62}.Debug|x86.Deploy.0 = Debug|x86
		{DBB82BBD-34DE-4886-A139-E2BC9CEF6F62}.Release|Any CPU.ActiveCfg = Release|Any CPU
		{DBB82BBD-34DE-4886-A139-E2BC9CEF6F62}.Release|Any CPU.Build.0 = Release|Any CPU
		{DBB82BBD-34DE-4886-A139-E2BC9CEF6F62}.Release|Any CPU.Deploy.0 = Release|Any CPU
		{DBB82BBD-34DE-4886-A139-E2BC9CEF6F62}.Release|ARM.ActiveCfg = Release|ARM
		{DBB82BBD-34DE-4886-A139-E2BC9CEF6F62}.Release|ARM.Build.0 = Release|ARM
		{DBB82BBD-34DE-4886-A139-E2BC9CEF6F62}.Release|ARM.Deploy.0 = Release|ARM
		{DBB82BBD-34DE-4886-A139-E2BC9CEF6F62}.Release|iPhone.ActiveCfg = Release|Any CPU
		{DBB82BBD-34DE-4886-A139-E2BC9CEF6F62}.Release|iPhone.Build.0 = Release|Any CPU
		{DBB82BBD-34DE-4886-A139-E2BC9CEF6F62}.Release|iPhone.Deploy.0 = Release|Any CPU
		{DBB82BBD-34DE-4886-A139-E2BC9CEF6F62}.Release|iPhoneSimulator.ActiveCfg = Release|Any CPU
		{DBB82BBD-34DE-4886-A139-E2BC9CEF6F62}.Release|iPhoneSimulator.Build.0 = Release|Any CPU
		{DBB82BBD-34DE-4886-A139-E2BC9CEF6F62}.Release|iPhoneSimulator.Deploy.0 = Release|Any CPU
		{DBB82BBD-34DE-4886-A139-E2BC9CEF6F62}.Release|x86.ActiveCfg = Release|x86
		{DBB82BBD-34DE-4886-A139-E2BC9CEF6F62}.Release|x86.Build.0 = Release|x86
		{DBB82BBD-34DE-4886-A139-E2BC9CEF6F62}.Release|x86.Deploy.0 = Release|x86
	EndGlobalSection
	GlobalSection(SolutionProperties) = preSolution
		HideSolutionNode = FALSE
	EndGlobalSection
EndGlobal
